
Microsoft Visual Studio Solution File, Format Version 12.00
# Visual Studio 15
Project("{FAE04EC0-301F-11D3-BF4B-00C04F79EFBC}") = "Assembly-CSharp", "Assembly-CSharp.csproj", "{08544E70-69AC-02CF-945C-B41305EB039E}"
EndProject
Project("{FAE04EC0-301F-11D3-BF4B-00C04F79EFBC}") = "Boxophobic.Utils.Scripts", "Boxophobic.Utils.Scripts.csproj", "{2EE58E59-870B-A814-4857-8CD4531C7F38}"
EndProject
Project("{FAE04EC0-301F-11D3-BF4B-00C04F79EFBC}") = "Boxophobic.Utils.Editor", "Boxophobic.Utils.Editor.csproj", "{CD7F7397-5DDB-F40D-D754-B32BC8A5177D}"
EndProject
Project("{FAE04EC0-301F-11D3-BF4B-00C04F79EFBC}") = "Assembly-CSharp-Editor", "Assembly-CSharp-Editor.csproj", "{A402090B-C602-F4B3-34F6-3EEBC7E8B128}"
EndProject
Project("{FAE04EC0-301F-11D3-BF4B-00C04F79EFBC}") = "Assembly-CSharp-Editor-firstpass", "Assembly-CSharp-Editor-firstpass.csproj", "{B773E9CF-0DB9-90E9-6490-F6E26D4A0A5C}"
EndProject
Project("{FAE04EC0-301F-11D3-BF4B-00C04F79EFBC}") = "Boxophobic.SkyboxCubemapExtended.Editor", "Boxophobic.SkyboxCubemapExtended.Editor.csproj", "{E6F0BC10-52E5-C939-9F57-FAAC5FB95ED2}"
EndProject
Global
	GlobalSection(SolutionConfigurationPlatforms) = preSolution
		Debug|Any CPU = Debug|Any CPU
		Release|Any CPU = Release|Any CPU
	EndGlobalSection
	GlobalSection(ProjectConfigurationPlatforms) = postSolution
		{08544E70-69AC-02CF-945C-B41305EB039E}.Debug|Any CPU.ActiveCfg = Debug|Any CPU
		{08544E70-69AC-02CF-945C-B41305EB039E}.Debug|Any CPU.Build.0 = Debug|Any CPU
		{08544E70-69AC-02CF-945C-B41305EB039E}.Release|Any CPU.ActiveCfg = Release|Any CPU
		{08544E70-69AC-02CF-945C-B41305EB039E}.Release|Any CPU.Build.0 = Release|Any CPU
		{2EE58E59-870B-A814-4857-8CD4531C7F38}.Debug|Any CPU.ActiveCfg = Debug|Any CPU
		{2EE58E59-870B-A814-4857-8CD4531C7F38}.Debug|Any CPU.Build.0 = Debug|Any CPU
		{2EE58E59-870B-A814-4857-8CD4531C7F38}.Release|Any CPU.ActiveCfg = Release|Any CPU
		{2EE58E59-870B-A814-4857-8CD4531C7F38}.Release|Any CPU.Build.0 = Release|Any CPU
		{CD7F7397-5DDB-F40D-D754-B32BC8A5177D}.Debug|Any CPU.ActiveCfg = Debug|Any CPU
		{CD7F7397-5DDB-F40D-D754-B32BC8A5177D}.Debug|Any CPU.Build.0 = Debug|Any CPU
		{CD7F7397-5DDB-F40D-D754-B32BC8A5177D}.Release|Any CPU.ActiveCfg = Release|Any CPU
		{CD7F7397-5DDB-F40D-D754-B32BC8A5177D}.Release|Any CPU.Build.0 = Release|Any CPU
		{A402090B-C602-F4B3-34F6-3EEBC7E8B128}.Debug|Any CPU.ActiveCfg = Debug|Any CPU
		{A402090B-C602-F4B3-34F6-3EEBC7E8B128}.Debug|Any CPU.Build.0 = Debug|Any CPU
		{A402090B-C602-F4B3-34F6-3EEBC7E8B128}.Release|Any CPU.ActiveCfg = Release|Any CPU
		{A402090B-C602-F4B3-34F6-3EEBC7E8B128}.Release|Any CPU.Build.0 = Release|Any CPU
		{B773E9CF-0DB9-90E9-6490-F6E26D4A0A5C}.Debug|Any CPU.ActiveCfg = Debug|Any CPU
		{B773E9CF-0DB9-90E9-6490-F6E26D4A0A5C}.Debug|Any CPU.Build.0 = Debug|Any CPU
		{B773E9CF-0DB9-90E9-6490-F6E26D4A0A5C}.Release|Any CPU.ActiveCfg = Release|Any CPU
		{B773E9CF-0DB9-90E9-6490-F6E26D4A0A5C}.Release|Any CPU.Build.0 = Release|Any CPU
		{E6F0BC10-52E5-C939-9F57-FAAC5FB95ED2}.Debug|Any CPU.ActiveCfg = Debug|Any CPU
		{E6F0BC10-52E5-C939-9F57-FAAC5FB95ED2}.Debug|Any CPU.Build.0 = Debug|Any CPU
		{E6F0BC10-52E5-C939-9F57-FAAC5FB95ED2}.Release|Any CPU.ActiveCfg = Release|Any CPU
		{E6F0BC10-52E5-C939-9F57-FAAC5FB95ED2}.Release|Any CPU.Build.0 = Release|Any CPU
	EndGlobalSection
	GlobalSection(SolutionProperties) = preSolution
		HideSolutionNode = FALSE
	EndGlobalSection
EndGlobal
